// !$*UTF8*$!
{
	archiveVersion = 1;
	classes = {
	};
	objectVersion = 46;
	objects = {

/* Begin PBXBuildFile section */
		3372238618CFFBBA00AF995C /* Foundation.framework in Frameworks */ = {isa = PBXBuildFile; fileRef = 3372238518CFFBBA00AF995C /* Foundation.framework */; };
		3372238818CFFBBA00AF995C /* CoreGraphics.framework in Frameworks */ = {isa = PBXBuildFile; fileRef = 3372238718CFFBBA00AF995C /* CoreGraphics.framework */; };
		3372238A18CFFBBA00AF995C /* UIKit.framework in Frameworks */ = {isa = PBXBuildFile; fileRef = 3372238918CFFBBA00AF995C /* UIKit.framework */; };
		3372239018CFFBBB00AF995C /* InfoPlist.strings in Resources */ = {isa = PBXBuildFile; fileRef = 3372238E18CFFBBA00AF995C /* InfoPlist.strings */; };
		3372239218CFFBBB00AF995C /* main.m in Sources */ = {isa = PBXBuildFile; fileRef = 3372239118CFFBBB00AF995C /* main.m */; };
		3372239618CFFBBB00AF995C /* AppDelegate.m in Sources */ = {isa = PBXBuildFile; fileRef = 3372239518CFFBBB00AF995C /* AppDelegate.m */; };
		3372239818CFFBBB00AF995C /* Images.xcassets in Resources */ = {isa = PBXBuildFile; fileRef = 3372239718CFFBBB00AF995C /* Images.xcassets */; };
		3372239F18CFFBBB00AF995C /* XCTest.framework in Frameworks */ = {isa = PBXBuildFile; fileRef = 3372239E18CFFBBB00AF995C /* XCTest.framework */; };
		337223A018CFFBBB00AF995C /* Foundation.framework in Frameworks */ = {isa = PBXBuildFile; fileRef = 3372238518CFFBBA00AF995C /* Foundation.framework */; };
		337223A118CFFBBB00AF995C /* UIKit.framework in Frameworks */ = {isa = PBXBuildFile; fileRef = 3372238918CFFBBA00AF995C /* UIKit.framework */; };
		337223A918CFFBBB00AF995C /* InfoPlist.strings in Resources */ = {isa = PBXBuildFile; fileRef = 337223A718CFFBBB00AF995C /* InfoPlist.strings */; };
		337223AB18CFFBBB00AF995C /* FileTransportTests.m in Sources */ = {isa = PBXBuildFile; fileRef = 337223AA18CFFBBB00AF995C /* FileTransportTests.m */; };
		337223B918CFFBD200AF995C /* GCDAsyncSocket.m in Sources */ = {isa = PBXBuildFile; fileRef = 337223B618CFFBD200AF995C /* GCDAsyncSocket.m */; settings = {COMPILER_FLAGS = "-fno-objc-arc"; }; };
		337223BA18CFFBD200AF995C /* GCDAsyncUdpSocket.m in Sources */ = {isa = PBXBuildFile; fileRef = 337223B818CFFBD200AF995C /* GCDAsyncUdpSocket.m */; settings = {COMPILER_FLAGS = "-fno-objc-arc"; }; };
		337223BE18CFFC0400AF995C /* MainViewController.m in Sources */ = {isa = PBXBuildFile; fileRef = 337223BC18CFFC0400AF995C /* MainViewController.m */; };
		337223BF18CFFC0400AF995C /* MainViewController.xib in Resources */ = {isa = PBXBuildFile; fileRef = 337223BD18CFFC0400AF995C /* MainViewController.xib */; };
		337223C318CFFC2D00AF995C /* FileServerViewController.m in Sources */ = {isa = PBXBuildFile; fileRef = 337223C118CFFC2D00AF995C /* FileServerViewController.m */; };
		337223C418CFFC2D00AF995C /* FileServerViewController.xib in Resources */ = {isa = PBXBuildFile; fileRef = 337223C218CFFC2D00AF995C /* FileServerViewController.xib */; };
		337223C818CFFC3E00AF995C /* FileClientViewController.m in Sources */ = {isa = PBXBuildFile; fileRef = 337223C618CFFC3E00AF995C /* FileClientViewController.m */; };
		337223C918CFFC3E00AF995C /* FileClientViewController.xib in Resources */ = {isa = PBXBuildFile; fileRef = 337223C718CFFC3E00AF995C /* FileClientViewController.xib */; };
		337223CD18D03D7400AF995C /* ContentsViewController.m in Sources */ = {isa = PBXBuildFile; fileRef = 337223CB18D03D7400AF995C /* ContentsViewController.m */; };
		337223CE18D03D7400AF995C /* ContentsViewController.xib in Resources */ = {isa = PBXBuildFile; fileRef = 337223CC18D03D7400AF995C /* ContentsViewController.xib */; };
/* End PBXBuildFile section */

/* Begin PBXContainerItemProxy section */
		337223A218CFFBBB00AF995C /* PBXContainerItemProxy */ = {
			isa = PBXContainerItemProxy;
			containerPortal = 3372237A18CFFBBA00AF995C /* Project object */;
			proxyType = 1;
			remoteGlobalIDString = 3372238118CFFBBA00AF995C;
			remoteInfo = FileTransport;
		};
/* End PBXContainerItemProxy section */

/* Begin PBXFileReference section */
		3372238218CFFBBA00AF995C /* FileTransport.app */ = {isa = PBXFileReference; explicitFileType = wrapper.application; includeInIndex = 0; path = FileTransport.app; sourceTree = BUILT_PRODUCTS_DIR; };
		3372238518CFFBBA00AF995C /* Foundation.framework */ = {isa = PBXFileReference; lastKnownFileType = wrapper.framework; name = Foundation.framework; path = System/Library/Frameworks/Foundation.framework; sourceTree = SDKROOT; };
		3372238718CFFBBA00AF995C /* CoreGraphics.framework */ = {isa = PBXFileReference; lastKnownFileType = wrapper.framework; name = CoreGraphics.framework; path = System/Library/Frameworks/CoreGraphics.framework; sourceTree = SDKROOT; };
		3372238918CFFBBA00AF995C /* UIKit.framework */ = {isa = PBXFileReference; lastKnownFileType = wrapper.framework; name = UIKit.framework; path = System/Library/Frameworks/UIKit.framework; sourceTree = SDKROOT; };
		3372238D18CFFBBA00AF995C /* FileTransport-Info.plist */ = {isa = PBXFileReference; lastKnownFileType = text.plist.xml; path = "FileTransport-Info.plist"; sourceTree = "<group>"; };
		3372238F18CFFBBA00AF995C /* en */ = {isa = PBXFileReference; lastKnownFileType = text.plist.strings; name = en; path = en.lproj/InfoPlist.strings; sourceTree = "<group>"; };
		3372239118CFFBBB00AF995C /* main.m */ = {isa = PBXFileReference; lastKnownFileType = sourcecode.c.objc; path = main.m; sourceTree = "<group>"; };
		3372239318CFFBBB00AF995C /* FileTransport-Prefix.pch */ = {isa = PBXFileReference; lastKnownFileType = sourcecode.c.h; path = "FileTransport-Prefix.pch"; sourceTree = "<group>"; };
		3372239418CFFBBB00AF995C /* AppDelegate.h */ = {isa = PBXFileReference; lastKnownFileType = sourcecode.c.h; path = AppDelegate.h; sourceTree = "<group>"; };
		3372239518CFFBBB00AF995C /* AppDelegate.m */ = {isa = PBXFileReference; lastKnownFileType = sourcecode.c.objc; path = AppDelegate.m; sourceTree = "<group>"; };
		3372239718CFFBBB00AF995C /* Images.xcassets */ = {isa = PBXFileReference; lastKnownFileType = folder.assetcatalog; path = Images.xcassets; sourceTree = "<group>"; };
		3372239D18CFFBBB00AF995C /* FileTransportTests.xctest */ = {isa = PBXFileReference; explicitFileType = wrapper.cfbundle; includeInIndex = 0; path = FileTransportTests.xctest; sourceTree = BUILT_PRODUCTS_DIR; };
		3372239E18CFFBBB00AF995C /* XCTest.framework */ = {isa = PBXFileReference; lastKnownFileType = wrapper.framework; name = XCTest.framework; path = Library/Frameworks/XCTest.framework; sourceTree = DEVELOPER_DIR; };
		337223A618CFFBBB00AF995C /* FileTransportTests-Info.plist */ = {isa = PBXFileReference; lastKnownFileType = text.plist.xml; path = "FileTransportTests-Info.plist"; sourceTree = "<group>"; };
		337223A818CFFBBB00AF995C /* en */ = {isa = PBXFileReference; lastKnownFileType = text.plist.strings; name = en; path = en.lproj/InfoPlist.strings; sourceTree = "<group>"; };
		337223AA18CFFBBB00AF995C /* FileTransportTests.m */ = {isa = PBXFileReference; lastKnownFileType = sourcecode.c.objc; path = FileTransportTests.m; sourceTree = "<group>"; };
		337223B518CFFBD200AF995C /* GCDAsyncSocket.h */ = {isa = PBXFileReference; fileEncoding = 4; lastKnownFileType = sourcecode.c.h; path = GCDAsyncSocket.h; sourceTree = "<group>"; };
		337223B618CFFBD200AF995C /* GCDAsyncSocket.m */ = {isa = PBXFileReference; fileEncoding = 4; lastKnownFileType = sourcecode.c.objc; path = GCDAsyncSocket.m; sourceTree = "<group>"; };
		337223B718CFFBD200AF995C /* GCDAsyncUdpSocket.h */ = {isa = PBXFileReference; fileEncoding = 4; lastKnownFileType = sourcecode.c.h; path = GCDAsyncUdpSocket.h; sourceTree = "<group>"; };
		337223B818CFFBD200AF995C /* GCDAsyncUdpSocket.m */ = {isa = PBXFileReference; fileEncoding = 4; lastKnownFileType = sourcecode.c.objc; path = GCDAsyncUdpSocket.m; sourceTree = "<group>"; };
		337223BB18CFFC0400AF995C /* MainViewController.h */ = {isa = PBXFileReference; fileEncoding = 4; lastKnownFileType = sourcecode.c.h; path = MainViewController.h; sourceTree = "<group>"; };
		337223BC18CFFC0400AF995C /* MainViewController.m */ = {isa = PBXFileReference; fileEncoding = 4; lastKnownFileType = sourcecode.c.objc; path = MainViewController.m; sourceTree = "<group>"; };
		337223BD18CFFC0400AF995C /* MainViewController.xib */ = {isa = PBXFileReference; fileEncoding = 4; lastKnownFileType = file.xib; path = MainViewController.xib; sourceTree = "<group>"; };
		337223C018CFFC2D00AF995C /* FileServerViewController.h */ = {isa = PBXFileReference; fileEncoding = 4; lastKnownFileType = sourcecode.c.h; path = FileServerViewController.h; sourceTree = "<group>"; };
		337223C118CFFC2D00AF995C /* FileServerViewController.m */ = {isa = PBXFileReference; fileEncoding = 4; lastKnownFileType = sourcecode.c.objc; path = FileServerViewController.m; sourceTree = "<group>"; };
		337223C218CFFC2D00AF995C /* FileServerViewController.xib */ = {isa = PBXFileReference; fileEncoding = 4; lastKnownFileType = file.xib; path = FileServerViewController.xib; sourceTree = "<group>"; };
		337223C518CFFC3E00AF995C /* FileClientViewController.h */ = {isa = PBXFileReference; fileEncoding = 4; lastKnownFileType = sourcecode.c.h; path = FileClientViewController.h; sourceTree = "<group>"; };
		337223C618CFFC3E00AF995C /* FileClientViewController.m */ = {isa = PBXFileReference; fileEncoding = 4; lastKnownFileType = sourcecode.c.objc; path = FileClientViewController.m; sourceTree = "<group>"; };
		337223C718CFFC3E00AF995C /* FileClientViewController.xib */ = {isa = PBXFileReference; fileEncoding = 4; lastKnownFileType = file.xib; path = FileClientViewController.xib; sourceTree = "<group>"; };
		337223CA18D03D7400AF995C /* ContentsViewController.h */ = {isa = PBXFileReference; fileEncoding = 4; lastKnownFileType = sourcecode.c.h; path = ContentsViewController.h; sourceTree = "<group>"; };
		337223CB18D03D7400AF995C /* ContentsViewController.m */ = {isa = PBXFileReference; fileEncoding = 4; lastKnownFileType = sourcecode.c.objc; path = ContentsViewController.m; sourceTree = "<group>"; };
		337223CC18D03D7400AF995C /* ContentsViewController.xib */ = {isa = PBXFileReference; fileEncoding = 4; lastKnownFileType = file.xib; path = ContentsViewController.xib; sourceTree = "<group>"; };
/* End PBXFileReference section */

/* Begin PBXFrameworksBuildPhase section */
		3372237F18CFFBBA00AF995C /* Frameworks */ = {
			isa = PBXFrameworksBuildPhase;
			buildActionMask = 2147483647;
			files = (
				3372238818CFFBBA00AF995C /* CoreGraphics.framework in Frameworks */,
				3372238A18CFFBBA00AF995C /* UIKit.framework in Frameworks */,
				3372238618CFFBBA00AF995C /* Foundation.framework in Frameworks */,
			);
			runOnlyForDeploymentPostprocessing = 0;
		};
		3372239A18CFFBBB00AF995C /* Frameworks */ = {
			isa = PBXFrameworksBuildPhase;
			buildActionMask = 2147483647;
			files = (
				3372239F18CFFBBB00AF995C /* XCTest.framework in Frameworks */,
				337223A118CFFBBB00AF995C /* UIKit.framework in Frameworks */,
				337223A018CFFBBB00AF995C /* Foundation.framework in Frameworks */,
			);
			runOnlyForDeploymentPostprocessing = 0;
		};
/* End PBXFrameworksBuildPhase section */

/* Begin PBXGroup section */
		3372237918CFFBBA00AF995C = {
			isa = PBXGroup;
			children = (
				3372238B18CFFBBA00AF995C /* FileTransport */,
				337223A418CFFBBB00AF995C /* FileTransportTests */,
				3372238418CFFBBA00AF995C /* Frameworks */,
				3372238318CFFBBA00AF995C /* Products */,
			);
			sourceTree = "<group>";
		};
		3372238318CFFBBA00AF995C /* Products */ = {
			isa = PBXGroup;
			children = (
				3372238218CFFBBA00AF995C /* FileTransport.app */,
				3372239D18CFFBBB00AF995C /* FileTransportTests.xctest */,
			);
			name = Products;
			sourceTree = "<group>";
		};
		3372238418CFFBBA00AF995C /* Frameworks */ = {
			isa = PBXGroup;
			children = (
				3372238518CFFBBA00AF995C /* Foundation.framework */,
				3372238718CFFBBA00AF995C /* CoreGraphics.framework */,
				3372238918CFFBBA00AF995C /* UIKit.framework */,
				3372239E18CFFBBB00AF995C /* XCTest.framework */,
			);
			name = Frameworks;
			sourceTree = "<group>";
		};
		3372238B18CFFBBA00AF995C /* FileTransport */ = {
			isa = PBXGroup;
			children = (
				337223B418CFFBC300AF995C /* GCD */,
				3372239418CFFBBB00AF995C /* AppDelegate.h */,
				3372239518CFFBBB00AF995C /* AppDelegate.m */,
				337223BB18CFFC0400AF995C /* MainViewController.h */,
				337223BC18CFFC0400AF995C /* MainViewController.m */,
				337223BD18CFFC0400AF995C /* MainViewController.xib */,
				337223C018CFFC2D00AF995C /* FileServerViewController.h */,
				337223C118CFFC2D00AF995C /* FileServerViewController.m */,
				337223C218CFFC2D00AF995C /* FileServerViewController.xib */,
				337223C518CFFC3E00AF995C /* FileClientViewController.h */,
				337223C618CFFC3E00AF995C /* FileClientViewController.m */,
				337223C718CFFC3E00AF995C /* FileClientViewController.xib */,
				337223CA18D03D7400AF995C /* ContentsViewController.h */,
				337223CB18D03D7400AF995C /* ContentsViewController.m */,
				337223CC18D03D7400AF995C /* ContentsViewController.xib */,
				3372239718CFFBBB00AF995C /* Images.xcassets */,
				3372238C18CFFBBA00AF995C /* Supporting Files */,
			);
			path = FileTransport;
			sourceTree = "<group>";
		};
		3372238C18CFFBBA00AF995C /* Supporting Files */ = {
			isa = PBXGroup;
			children = (
				3372238D18CFFBBA00AF995C /* FileTransport-Info.plist */,
				3372238E18CFFBBA00AF995C /* InfoPlist.strings */,
				3372239118CFFBBB00AF995C /* main.m */,
				3372239318CFFBBB00AF995C /* FileTransport-Prefix.pch */,
			);
			name = "Supporting Files";
			sourceTree = "<group>";
		};
		337223A418CFFBBB00AF995C /* FileTransportTests */ = {
			isa = PBXGroup;
			children = (
				337223AA18CFFBBB00AF995C /* FileTransportTests.m */,
				337223A518CFFBBB00AF995C /* Supporting Files */,
			);
			path = FileTransportTests;
			sourceTree = "<group>";
		};
		337223A518CFFBBB00AF995C /* Supporting Files */ = {
			isa = PBXGroup;
			children = (
				337223A618CFFBBB00AF995C /* FileTransportTests-Info.plist */,
				337223A718CFFBBB00AF995C /* InfoPlist.strings */,
			);
			name = "Supporting Files";
			sourceTree = "<group>";
		};
		337223B418CFFBC300AF995C /* GCD */ = {
			isa = PBXGroup;
			children = (
				337223B518CFFBD200AF995C /* GCDAsyncSocket.h */,
				337223B618CFFBD200AF995C /* GCDAsyncSocket.m */,
				337223B718CFFBD200AF995C /* GCDAsyncUdpSocket.h */,
				337223B818CFFBD200AF995C /* GCDAsyncUdpSocket.m */,
			);
			name = GCD;
			sourceTree = "<group>";
		};
/* End PBXGroup section */

/* Begin PBXNativeTarget section */
		3372238118CFFBBA00AF995C /* FileTransport */ = {
			isa = PBXNativeTarget;
			buildConfigurationList = 337223AE18CFFBBB00AF995C /* Build configuration list for PBXNativeTarget "FileTransport" */;
			buildPhases = (
				3372237E18CFFBBA00AF995C /* Sources */,
				3372237F18CFFBBA00AF995C /* Frameworks */,
				3372238018CFFBBA00AF995C /* Resources */,
			);
			buildRules = (
			);
			dependencies = (
			);
			name = FileTransport;
			productName = FileTransport;
			productReference = 3372238218CFFBBA00AF995C /* FileTransport.app */;
			productType = "com.apple.product-type.application";
		};
		3372239C18CFFBBB00AF995C /* FileTransportTests */ = {
			isa = PBXNativeTarget;
			buildConfigurationList = 337223B118CFFBBB00AF995C /* Build configuration list for PBXNativeTarget "FileTransportTests" */;
			buildPhases = (
				3372239918CFFBBB00AF995C /* Sources */,
				3372239A18CFFBBB00AF995C /* Frameworks */,
				3372239B18CFFBBB00AF995C /* Resources */,
			);
			buildRules = (
			);
			dependencies = (
				337223A318CFFBBB00AF995C /* PBXTargetDependency */,
			);
			name = FileTransportTests;
			productName = FileTransportTests;
			productReference = 3372239D18CFFBBB00AF995C /* FileTransportTests.xctest */;
			productType = "com.apple.product-type.bundle.unit-test";
		};
/* End PBXNativeTarget section */

/* Begin PBXProject section */
		3372237A18CFFBBA00AF995C /* Project object */ = {
			isa = PBXProject;
			attributes = {
				LastUpgradeCheck = 0500;
				ORGANIZATIONNAME = "SKYA03 ";
				TargetAttributes = {
					3372239C18CFFBBB00AF995C = {
						TestTargetID = 3372238118CFFBBA00AF995C;
					};
				};
			};
			buildConfigurationList = 3372237D18CFFBBA00AF995C /* Build configuration list for PBXProject "FileTransport" */;
			compatibilityVersion = "Xcode 3.2";
			developmentRegion = English;
			hasScannedForEncodings = 0;
			knownRegions = (
				en,
			);
			mainGroup = 3372237918CFFBBA00AF995C;
			productRefGroup = 3372238318CFFBBA00AF995C /* Products */;
			projectDirPath = "";
			projectRoot = "";
			targets = (
				3372238118CFFBBA00AF995C /* FileTransport */,
				3372239C18CFFBBB00AF995C /* FileTransportTests */,
			);
		};
/* End PBXProject section */

/* Begin PBXResourcesBuildPhase section */
		3372238018CFFBBA00AF995C /* Resources */ = {
			isa = PBXResourcesBuildPhase;
			buildActionMask = 2147483647;
			files = (
				337223CE18D03D7400AF995C /* ContentsViewController.xib in Resources */,
				3372239018CFFBBB00AF995C /* InfoPlist.strings in Resources */,
				337223BF18CFFC0400AF995C /* MainViewController.xib in Resources */,
				337223C918CFFC3E00AF995C /* FileClientViewController.xib in Resources */,
				3372239818CFFBBB00AF995C /* Images.xcassets in Resources */,
				337223C418CFFC2D00AF995C /* FileServerViewController.xib in Resources */,
			);
			runOnlyForDeploymentPostprocessing = 0;
		};
		3372239B18CFFBBB00AF995C /* Resources */ = {
			isa = PBXResourcesBuildPhase;
			buildActionMask = 2147483647;
			files = (
				337223A918CFFBBB00AF995C /* InfoPlist.strings in Resources */,
			);
			runOnlyForDeploymentPostprocessing = 0;
		};
/* End PBXResourcesBuildPhase section */

/* Begin PBXSourcesBuildPhase section */
		3372237E18CFFBBA00AF995C /* Sources */ = {
			isa = PBXSourcesBuildPhase;
			buildActionMask = 2147483647;
			files = (
				337223CD18D03D7400AF995C /* ContentsViewController.m in Sources */,
				337223BA18CFFBD200AF995C /* GCDAsyncUdpSocket.m in Sources */,
				337223C318CFFC2D00AF995C /* FileServerViewController.m in Sources */,
				337223B918CFFBD200AF995C /* GCDAsyncSocket.m in Sources */,
				3372239618CFFBBB00AF995C /* AppDelegate.m in Sources */,
				337223C818CFFC3E00AF995C /* FileClientViewController.m in Sources */,
				337223BE18CFFC0400AF995C /* MainViewController.m in Sources */,
				3372239218CFFBBB00AF995C /* main.m in Sources */,
			);
			runOnlyForDeploymentPostprocessing = 0;
		};
		3372239918CFFBBB00AF995C /* Sources */ = {
			isa = PBXSourcesBuildPhase;
			buildActionMask = 2147483647;
			files = (
				337223AB18CFFBBB00AF995C /* FileTransportTests.m in Sources */,
			);
			runOnlyForDeploymentPostprocessing = 0;
		};
/* End PBXSourcesBuildPhase section */

/* Begin PBXTargetDependency section */
		337223A318CFFBBB00AF995C /* PBXTargetDependency */ = {
			isa = PBXTargetDependency;
			target = 3372238118CFFBBA00AF995C /* FileTransport */;
			targetProxy = 337223A218CFFBBB00AF995C /* PBXContainerItemProxy */;
		};
/* End PBXTargetDependency section */

/* Begin PBXVariantGroup section */
		3372238E18CFFBBA00AF995C /* InfoPlist.strings */ = {
			isa = PBXVariantGroup;
			children = (
				3372238F18CFFBBA00AF995C /* en */,
			);
			name = InfoPlist.strings;
			sourceTree = "<group>";
		};
		337223A718CFFBBB00AF995C /* InfoPlist.strings */ = {
			isa = PBXVariantGroup;
			children = (
				337223A818CFFBBB00AF995C /* en */,
			);
			name = InfoPlist.strings;
			sourceTree = "<group>";
		};
/* End PBXVariantGroup section */

/* Begin XCBuildConfiguration section */
		337223AC18CFFBBB00AF995C /* Debug */ = {
			isa = XCBuildConfiguration;
			buildSettings = {
				ALWAYS_SEARCH_USER_PATHS = NO;
				ARCHS = "$(ARCHS_STANDARD_INCLUDING_64_BIT)";
				CLANG_CXX_LANGUAGE_STANDARD = "gnu++0x";
				CLANG_CXX_LIBRARY = "libc++";
				CLANG_ENABLE_MODULES = YES;
				CLANG_ENABLE_OBJC_ARC = YES;
				CLANG_WARN_BOOL_CONVERSION = YES;
				CLANG_WARN_CONSTANT_CONVERSION = YES;
				CLANG_WARN_DIRECT_OBJC_ISA_USAGE = YES_ERROR;
				CLANG_WARN_EMPTY_BODY = YES;
				CLANG_WARN_ENUM_CONVERSION = YES;
				CLANG_WARN_INT_CONVERSION = YES;
				CLANG_WARN_OBJC_ROOT_CLASS = YES_ERROR;
				CLANG_WARN__DUPLICATE_METHOD_MATCH = YES;
				"CODE_SIGN_IDENTITY[sdk=iphoneos*]" = "iPhone Developer";
				COPY_PHASE_STRIP = NO;
				GCC_C_LANGUAGE_STANDARD = gnu99;
				GCC_DYNAMIC_NO_PIC = NO;
				GCC_OPTIMIZATION_LEVEL = 0;
				GCC_PREPROCESSOR_DEFINITIONS = (
					"DEBUG=1",
					"$(inherited)",
				);
				GCC_SYMBOLS_PRIVATE_EXTERN = NO;
				GCC_WARN_64_TO_32_BIT_CONVERSION = YES;
				GCC_WARN_ABOUT_RETURN_TYPE = YES_ERROR;
				GCC_WARN_UNDECLARED_SELECTOR = YES;
				GCC_WARN_UNINITIALIZED_AUTOS = YES;
				GCC_WARN_UNUSED_FUNCTION = YES;
				GCC_WARN_UNUSED_VARIABLE = YES;
				IPHONEOS_DEPLOYMENT_TARGET = 7.0;
				ONLY_ACTIVE_ARCH = YES;
				SDKROOT = iphoneos;
			};
			name = Debug;
		};
		337223AD18CFFBBB00AF995C /* Release */ = {
			isa = XCBuildConfiguration;
			buildSettings = {
				ALWAYS_SEARCH_USER_PATHS = NO;
				ARCHS = "$(ARCHS_STANDARD_INCLUDING_64_BIT)";
				CLANG_CXX_LANGUAGE_STANDARD = "gnu++0x";
				CLANG_CXX_LIBRARY = "libc++";
				CLANG_ENABLE_MODULES = YES;
				CLANG_ENABLE_OBJC_ARC = YES;
				CLANG_WARN_BOOL_CONVERSION = YES;
				CLANG_WARN_CONSTANT_CONVERSION = YES;
				CLANG_WARN_DIRECT_OBJC_ISA_USAGE = YES_ERROR;
				CLANG_WARN_EMPTY_BODY = YES;
				CLANG_WARN_ENUM_CONVERSION = YES;
				CLANG_WARN_INT_CONVERSION = YES;
				CLANG_WARN_OBJC_ROOT_CLASS = YES_ERROR;
				CLANG_WARN__DUPLICATE_METHOD_MATCH = YES;
				"CODE_SIGN_IDENTITY[sdk=iphoneos*]" = "iPhone Developer";
				COPY_PHASE_STRIP = YES;
				ENABLE_NS_ASSERTIONS = NO;
				GCC_C_LANGUAGE_STANDARD = gnu99;
				GCC_WARN_64_TO_32_BIT_CONVERSION = YES;
				GCC_WARN_ABOUT_RETURN_TYPE = YES_ERROR;
				GCC_WARN_UNDECLARED_SELECTOR = YES;
				GCC_WARN_UNINITIALIZED_AUTOS = YES;
				GCC_WARN_UNUSED_FUNCTION = YES;
				GCC_WARN_UNUSED_VARIABLE = YES;
				IPHONEOS_DEPLOYMENT_TARGET = 7.0;
				SDKROOT = iphoneos;
				VALIDATE_PRODUCT = YES;
			};
			name = Release;
		};
		337223AF18CFFBBB00AF995C /* Debug */ = {
			isa = XCBuildConfiguration;
			buildSettings = {
				ASSETCATALOG_COMPILER_APPICON_NAME = AppIcon;
				ASSETCATALOG_COMPILER_LAUNCHIMAGE_NAME = LaunchImage;
				GCC_PRECOMPILE_PREFIX_HEADER = YES;
				GCC_PREFIX_HEADER = "FileTransport/FileTransport-Prefix.pch";
				INFOPLIST_FILE = "FileTransport/FileTransport-Info.plist";
				PRODUCT_NAME = "$(TARGET_NAME)";
				WRAPPER_EXTENSION = app;
			};
			name = Debug;
		};
		337223B018CFFBBB00AF995C /* Release */ = {
			isa = XCBuildConfiguration;
			buildSettings = {
				ASSETCATALOG_COMPILER_APPICON_NAME = AppIcon;
				ASSETCATALOG_COMPILER_LAUNCHIMAGE_NAME = LaunchImage;
				GCC_PRECOMPILE_PREFIX_HEADER = YES;
				GCC_PREFIX_HEADER = "FileTransport/FileTransport-Prefix.pch";
				INFOPLIST_FILE = "FileTransport/FileTransport-Info.plist";
				PRODUCT_NAME = "$(TARGET_NAME)";
				WRAPPER_EXTENSION = app;
			};
			name = Release;
		};
		337223B218CFFBBB00AF995C /* Debug */ = {
			isa = XCBuildConfiguration;
			buildSettings = {
				ARCHS = "$(ARCHS_STANDARD_INCLUDING_64_BIT)";
				BUNDLE_LOADER = "$(BUILT_PRODUCTS_DIR)/FileTransport.app/FileTransport";
				FRAMEWORK_SEARCH_PATHS = (
					"$(SDKROOT)/Developer/Library/Frameworks",
					"$(inherited)",
					"$(DEVELOPER_FRAMEWORKS_DIR)",
				);
				GCC_PRECOMPILE_PREFIX_HEADER = YES;
				GCC_PREFIX_HEADER = "FileTransport/FileTransport-Prefix.pch";
				GCC_PREPROCESSOR_DEFINITIONS = (
					"DEBUG=1",
					"$(inherited)",
				);
				INFOPLIST_FILE = "FileTransportTests/FileTransportTests-Info.plist";
				PRODUCT_NAME = "$(TARGET_NAME)";
				TEST_HOST = "$(BUNDLE_LOADER)";
				WRAPPER_EXTENSION = xctest;
			};
			name = Debug;
		};
		337223B318CFFBBB00AF995C /* Release */ = {
			isa = XCBuildConfiguration;
			buildSettings = {
				ARCHS = "$(ARCHS_STANDARD_INCLUDING_64_BIT)";
				BUNDLE_LOADER = "$(BUILT_PRODUCTS_DIR)/FileTransport.app/FileTransport";
				FRAMEWORK_SEARCH_PATHS = (
					"$(SDKROOT)/Developer/Library/Frameworks",
					"$(inherited)",
					"$(DEVELOPER_FRAMEWORKS_DIR)",
				);
				GCC_PRECOMPILE_PREFIX_HEADER = YES;
				GCC_PREFIX_HEADER = "FileTransport/FileTransport-Prefix.pch";
				INFOPLIST_FILE = "FileTransportTests/FileTransportTests-Info.plist";
				PRODUCT_NAME = "$(TARGET_NAME)";
				TEST_HOST = "$(BUNDLE_LOADER)";
				WRAPPER_EXTENSION = xctest;
			};
			name = Release;
		};
/* End XCBuildConfiguration section */

/* Begin XCConfigurationList section */
		3372237D18CFFBBA00AF995C /* Build configuration list for PBXProject "FileTransport" */ = {
			isa = XCConfigurationList;
			buildConfigurations = (
				337223AC18CFFBBB00AF995C /* Debug */,
				337223AD18CFFBBB00AF995C /* Release */,
			);
			defaultConfigurationIsVisible = 0;
			defaultConfigurationName = Release;
		};
		337223AE18CFFBBB00AF995C /* Build configuration list for PBXNativeTarget "FileTransport" */ = {
			isa = XCConfigurationList;
			buildConfigurations = (
				337223AF18CFFBBB00AF995C /* Debug */,
				337223B018CFFBBB00AF995C /* Release */,
			);
			defaultConfigurationIsVisible = 0;
		};
		337223B118CFFBBB00AF995C /* Build configuration list for PBXNativeTarget "FileTransportTests" */ = {
			isa = XCConfigurationList;
			buildConfigurations = (
				337223B218CFFBBB00AF995C /* Debug */,
				337223B318CFFBBB00AF995C /* Release */,
			);
			defaultConfigurationIsVisible = 0;
		};
/* End XCConfigurationList section */
	};
	rootObject = 3372237A18CFFBBA00AF995C /* Project object */;
}
